// !$*UTF8*$!
{
	archiveVersion = 1;
	classes = {
	};
	objectVersion = 46;
	objects = {

/* Begin PBXBuildFile section */
		159675081EFD8C7800FAB37C /* AppDelegate.swift in Sources */ = {isa = PBXBuildFile; fileRef = 159675071EFD8C7800FAB37C /* AppDelegate.swift */; };
		1596750A1EFD8C7800FAB37C /* MainViewController.swift in Sources */ = {isa = PBXBuildFile; fileRef = 159675091EFD8C7800FAB37C /* MainViewController.swift */; };
		1596750C1EFD8C7800FAB37C /* Assets.xcassets in Resources */ = {isa = PBXBuildFile; fileRef = 1596750B1EFD8C7800FAB37C /* Assets.xcassets */; };
		1596750F1EFD8C7800FAB37C /* Main.storyboard in Resources */ = {isa = PBXBuildFile; fileRef = 1596750D1EFD8C7800FAB37C /* Main.storyboard */; };
/* End PBXBuildFile section */

/* Begin PBXContainerItemProxy section */
		159675161EFD8C7800FAB37C /* PBXContainerItemProxy */ = {
			isa = PBXContainerItemProxy;
			containerPortal = 159674FC1EFD8C7800FAB37C /* Project object */;
			proxyType = 1;
			remoteGlobalIDString = 159675031EFD8C7800FAB37C;
			remoteInfo = MouseAway;
		};
		159675211EFD8C7800FAB37C /* PBXContainerItemProxy */ = {
			isa = PBXContainerItemProxy;
			containerPortal = 159674FC1EFD8C7800FAB37C /* Project object */;
			proxyType = 1;
			remoteGlobalIDString = 159675031EFD8C7800FAB37C;
			remoteInfo = MouseAway;
		};
/* End PBXContainerItemProxy section */

/* Begin PBXFileReference section */
		159675041EFD8C7800FAB37C /* MouseAway.app */ = {isa = PBXFileReference; explicitFileType = wrapper.application; includeInIndex = 0; path = MouseAway.app; sourceTree = BUILT_PRODUCTS_DIR; };
		159675071EFD8C7800FAB37C /* AppDelegate.swift */ = {isa = PBXFileReference; lastKnownFileType = sourcecode.swift; path = AppDelegate.swift; sourceTree = "<group>"; };
		159675091EFD8C7800FAB37C /* MainViewController.swift */ = {isa = PBXFileReference; lastKnownFileType = sourcecode.swift; path = MainViewController.swift; sourceTree = "<group>"; };
		1596750B1EFD8C7800FAB37C /* Assets.xcassets */ = {isa = PBXFileReference; lastKnownFileType = folder.assetcatalog; path = Assets.xcassets; sourceTree = "<group>"; };
		1596750E1EFD8C7800FAB37C /* Base */ = {isa = PBXFileReference; lastKnownFileType = file.storyboard; name = Base; path = Base.lproj/Main.storyboard; sourceTree = "<group>"; };
		159675101EFD8C7800FAB37C /* Info.plist */ = {isa = PBXFileReference; lastKnownFileType = text.plist.xml; path = Info.plist; sourceTree = "<group>"; };
		159675151EFD8C7800FAB37C /* MouseAwayTests.xctest */ = {isa = PBXFileReference; explicitFileType = wrapper.cfbundle; includeInIndex = 0; path = MouseAwayTests.xctest; sourceTree = BUILT_PRODUCTS_DIR; };
		1596751B1EFD8C7800FAB37C /* Info.plist */ = {isa = PBXFileReference; lastKnownFileType = text.plist.xml; path = Info.plist; sourceTree = "<group>"; };
		159675201EFD8C7800FAB37C /* MouseAwayUITests.xctest */ = {isa = PBXFileReference; explicitFileType = wrapper.cfbundle; includeInIndex = 0; path = MouseAwayUITests.xctest; sourceTree = BUILT_PRODUCTS_DIR; };
		159675261EFD8C7800FAB37C /* Info.plist */ = {isa = PBXFileReference; lastKnownFileType = text.plist.xml; path = Info.plist; sourceTree = "<group>"; };
/* End PBXFileReference section */

/* Begin PBXFrameworksBuildPhase section */
		159675011EFD8C7800FAB37C /* Frameworks */ = {
			isa = PBXFrameworksBuildPhase;
			buildActionMask = 2147483647;
			files = (
			);
			runOnlyForDeploymentPostprocessing = 0;
		};
		159675121EFD8C7800FAB37C /* Frameworks */ = {
			isa = PBXFrameworksBuildPhase;
			buildActionMask = 2147483647;
			files = (
			);
			runOnlyForDeploymentPostprocessing = 0;
		};
		1596751D1EFD8C7800FAB37C /* Frameworks */ = {
			isa = PBXFrameworksBuildPhase;
			buildActionMask = 2147483647;
			files = (
			);
			runOnlyForDeploymentPostprocessing = 0;
		};
/* End PBXFrameworksBuildPhase section */

/* Begin PBXGroup section */
		159674FB1EFD8C7800FAB37C = {
			isa = PBXGroup;
			children = (
				159675061EFD8C7800FAB37C /* MouseAway */,
				159675181EFD8C7800FAB37C /* MouseAwayTests */,
				159675231EFD8C7800FAB37C /* MouseAwayUITests */,
				159675051EFD8C7800FAB37C /* Products */,
			);
			sourceTree = "<group>";
		};
		159675051EFD8C7800FAB37C /* Products */ = {
			isa = PBXGroup;
			children = (
				159675041EFD8C7800FAB37C /* MouseAway.app */,
				159675151EFD8C7800FAB37C /* MouseAwayTests.xctest */,
				159675201EFD8C7800FAB37C /* MouseAwayUITests.xctest */,
			);
			name = Products;
			sourceTree = "<group>";
		};
		159675061EFD8C7800FAB37C /* MouseAway */ = {
			isa = PBXGroup;
			children = (
				159675071EFD8C7800FAB37C /* AppDelegate.swift */,
				159675091EFD8C7800FAB37C /* MainViewController.swift */,
				1596750B1EFD8C7800FAB37C /* Assets.xcassets */,
				1596750D1EFD8C7800FAB37C /* Main.storyboard */,
				159675101EFD8C7800FAB37C /* Info.plist */,
			);
			path = MouseAway;
			sourceTree = "<group>";
		};
		159675181EFD8C7800FAB37C /* MouseAwayTests */ = {
			isa = PBXGroup;
			children = (
				1596751B1EFD8C7800FAB37C /* Info.plist */,
			);
			path = MouseAwayTests;
			sourceTree = "<group>";
		};
		159675231EFD8C7800FAB37C /* MouseAwayUITests */ = {
			isa = PBXGroup;
			children = (
				159675261EFD8C7800FAB37C /* Info.plist */,
			);
			path = MouseAwayUITests;
			sourceTree = "<group>";
		};
/* End PBXGroup section */

/* Begin PBXNativeTarget section */
		159675031EFD8C7800FAB37C /* MouseAway */ = {
			isa = PBXNativeTarget;
			buildConfigurationList = 159675291EFD8C7800FAB37C /* Build configuration list for PBXNativeTarget "MouseAway" */;
			buildPhases = (
				159675001EFD8C7800FAB37C /* Sources */,
				159675011EFD8C7800FAB37C /* Frameworks */,
				159675021EFD8C7800FAB37C /* Resources */,
			);
			buildRules = (
			);
			dependencies = (
			);
			name = MouseAway;
			productName = MouseAway;
			productReference = 159675041EFD8C7800FAB37C /* MouseAway.app */;
			productType = "com.apple.product-type.application";
		};
		159675141EFD8C7800FAB37C /* MouseAwayTests */ = {
			isa = PBXNativeTarget;
			buildConfigurationList = 1596752C1EFD8C7800FAB37C /* Build configuration list for PBXNativeTarget "MouseAwayTests" */;
			buildPhases = (
				159675111EFD8C7800FAB37C /* Sources */,
				159675121EFD8C7800FAB37C /* Frameworks */,
				159675131EFD8C7800FAB37C /* Resources */,
			);
			buildRules = (
			);
			dependencies = (
				159675171EFD8C7800FAB37C /* PBXTargetDependency */,
			);
			name = MouseAwayTests;
			productName = MouseAwayTests;
			productReference = 159675151EFD8C7800FAB37C /* MouseAwayTests.xctest */;
			productType = "com.apple.product-type.bundle.unit-test";
		};
		1596751F1EFD8C7800FAB37C /* MouseAwayUITests */ = {
			isa = PBXNativeTarget;
			buildConfigurationList = 1596752F1EFD8C7800FAB37C /* Build configuration list for PBXNativeTarget "MouseAwayUITests" */;
			buildPhases = (
				1596751C1EFD8C7800FAB37C /* Sources */,
				1596751D1EFD8C7800FAB37C /* Frameworks */,
				1596751E1EFD8C7800FAB37C /* Resources */,
			);
			buildRules = (
			);
			dependencies = (
				159675221EFD8C7800FAB37C /* PBXTargetDependency */,
			);
			name = MouseAwayUITests;
			productName = MouseAwayUITests;
			productReference = 159675201EFD8C7800FAB37C /* MouseAwayUITests.xctest */;
			productType = "com.apple.product-type.bundle.ui-testing";
		};
/* End PBXNativeTarget section */

/* Begin PBXProject section */
		159674FC1EFD8C7800FAB37C /* Project object */ = {
			isa = PBXProject;
			attributes = {
				LastSwiftUpdateCheck = 0830;
				LastUpgradeCheck = 0830;
				ORGANIZATIONNAME = nagesh.blog;
				TargetAttributes = {
					159675031EFD8C7800FAB37C = {
						CreatedOnToolsVersion = 8.3.3;
						DevelopmentTeam = 82EDZ6YNSR;
						ProvisioningStyle = Automatic;
					};
					159675141EFD8C7800FAB37C = {
						CreatedOnToolsVersion = 8.3.3;
						DevelopmentTeam = 82EDZ6YNSR;
						ProvisioningStyle = Automatic;
						TestTargetID = 159675031EFD8C7800FAB37C;
					};
					1596751F1EFD8C7800FAB37C = {
						CreatedOnToolsVersion = 8.3.3;
						DevelopmentTeam = 82EDZ6YNSR;
						ProvisioningStyle = Automatic;
						TestTargetID = 159675031EFD8C7800FAB37C;
					};
				};
			};
			buildConfigurationList = 159674FF1EFD8C7800FAB37C /* Build configuration list for PBXProject "MouseAway" */;
			compatibilityVersion = "Xcode 3.2";
			developmentRegion = English;
			hasScannedForEncodings = 0;
			knownRegions = (
				en,
				Base,
			);
			mainGroup = 159674FB1EFD8C7800FAB37C;
			productRefGroup = 159675051EFD8C7800FAB37C /* Products */;
			projectDirPath = "";
			projectRoot = "";
			targets = (
				159675031EFD8C7800FAB37C /* MouseAway */,
				159675141EFD8C7800FAB37C /* MouseAwayTests */,
				1596751F1EFD8C7800FAB37C /* MouseAwayUITests */,
			);
		};
/* End PBXProject section */

/* Begin PBXResourcesBuildPhase section */
		159675021EFD8C7800FAB37C /* Resources */ = {
			isa = PBXResourcesBuildPhase;
			buildActionMask = 2147483647;
			files = (
				1596750C1EFD8C7800FAB37C /* Assets.xcassets in Resources */,
				1596750F1EFD8C7800FAB37C /* Main.storyboard in Resources */,
			);
			runOnlyForDeploymentPostprocessing = 0;
		};
		159675131EFD8C7800FAB37C /* Resources */ = {
			isa = PBXResourcesBuildPhase;
			buildActionMask = 2147483647;
			files = (
			);
			runOnlyForDeploymentPostprocessing = 0;
		};
		1596751E1EFD8C7800FAB37C /* Resources */ = {
			isa = PBXResourcesBuildPhase;
			buildActionMask = 2147483647;
			files = (
			);
			runOnlyForDeploymentPostprocessing = 0;
		};
/* End PBXResourcesBuildPhase section */

/* Begin PBXSourcesBuildPhase section */
		159675001EFD8C7800FAB37C /* Sources */ = {
			isa = PBXSourcesBuildPhase;
			buildActionMask = 2147483647;
			files = (
				1596750A1EFD8C7800FAB37C /* MainViewController.swift in Sources */,
				159675081EFD8C7800FAB37C /* AppDelegate.swift in Sources */,
			);
			runOnlyForDeploymentPostprocessing = 0;
		};
		159675111EFD8C7800FAB37C /* Sources */ = {
			isa = PBXSourcesBuildPhase;
			buildActionMask = 2147483647;
			files = (
			);
			runOnlyForDeploymentPostprocessing = 0;
		};
		1596751C1EFD8C7800FAB37C /* Sources */ = {
			isa = PBXSourcesBuildPhase;
			buildActionMask = 2147483647;
			files = (
			);
			runOnlyForDeploymentPostprocessing = 0;
		};
/* End PBXSourcesBuildPhase section */

/* Begin PBXTargetDependency section */
		159675171EFD8C7800FAB37C /* PBXTargetDependency */ = {
			isa = PBXTargetDependency;
			target = 159675031EFD8C7800FAB37C /* MouseAway */;
			targetProxy = 159675161EFD8C7800FAB37C /* PBXContainerItemProxy */;
		};
		159675221EFD8C7800FAB37C /* PBXTargetDependency */ = {
			isa = PBXTargetDependency;
			target = 159675031EFD8C7800FAB37C /* MouseAway */;
			targetProxy = 159675211EFD8C7800FAB37C /* PBXContainerItemProxy */;
		};
/* End PBXTargetDependency section */

/* Begin PBXVariantGroup section */
		1596750D1EFD8C7800FAB37C /* Main.storyboard */ = {
			isa = PBXVariantGroup;
			children = (
				1596750E1EFD8C7800FAB37C /* Base */,
			);
			name = Main.storyboard;
			sourceTree = "<group>";
		};
/* End PBXVariantGroup section */

/* Begin XCBuildConfiguration section */
		159675271EFD8C7800FAB37C /* Debug */ = {
			isa = XCBuildConfiguration;
			buildSettings = {
				ALWAYS_SEARCH_USER_PATHS = NO;
				CLANG_ANALYZER_NONNULL = YES;
				CLANG_ANALYZER_NUMBER_OBJECT_CONVERSION = YES_AGGRESSIVE;
				CLANG_CXX_LANGUAGE_STANDARD = "gnu++0x";
				CLANG_CXX_LIBRARY = "libc++";
				CLANG_ENABLE_MODULES = YES;
				CLANG_ENABLE_OBJC_ARC = YES;
				CLANG_WARN_BOOL_CONVERSION = YES;
				CLANG_WARN_CONSTANT_CONVERSION = YES;
				CLANG_WARN_DIRECT_OBJC_ISA_USAGE = YES_ERROR;
				CLANG_WARN_DOCUMENTATION_COMMENTS = YES;
				CLANG_WARN_EMPTY_BODY = YES;
				CLANG_WARN_ENUM_CONVERSION = YES;
				CLANG_WARN_INFINITE_RECURSION = YES;
				CLANG_WARN_INT_CONVERSION = YES;
				CLANG_WARN_OBJC_ROOT_CLASS = YES_ERROR;
				CLANG_WARN_SUSPICIOUS_MOVE = YES;
				CLANG_WARN_UNREACHABLE_CODE = YES;
				CLANG_WARN__DUPLICATE_METHOD_MATCH = YES;
				CODE_SIGN_IDENTITY = "-";
				COPY_PHASE_STRIP = NO;
				DEBUG_INFORMATION_FORMAT = dwarf;
				ENABLE_STRICT_OBJC_MSGSEND = YES;
				ENABLE_TESTABILITY = YES;
				GCC_C_LANGUAGE_STANDARD = gnu99;
				GCC_DYNAMIC_NO_PIC = NO;
				GCC_NO_COMMON_BLOCKS = YES;
				GCC_OPTIMIZATION_LEVEL = 0;
				GCC_PREPROCESSOR_DEFINITIONS = (
					"DEBUG=1",
					"$(inherited)",
				);
				GCC_WARN_64_TO_32_BIT_CONVERSION = YES;
				GCC_WARN_ABOUT_RETURN_TYPE = YES_ERROR;
				GCC_WARN_UNDECLARED_SELECTOR = YES;
				GCC_WARN_UNINITIALIZED_AUTOS = YES_AGGRESSIVE;
				GCC_WARN_UNUSED_FUNCTION = YES;
				GCC_WARN_UNUSED_VARIABLE = YES;
				MACOSX_DEPLOYMENT_TARGET = 10.12;
				MTL_ENABLE_DEBUG_INFO = YES;
				ONLY_ACTIVE_ARCH = YES;
				SDKROOT = macosx;
				SWIFT_ACTIVE_COMPILATION_CONDITIONS = DEBUG;
				SWIFT_OPTIMIZATION_LEVEL = "-Onone";
			};
			name = Debug;
		};
		159675281EFD8C7800FAB37C /* Release */ = {
			isa = XCBuildConfiguration;
			buildSettings = {
				ALWAYS_SEARCH_USER_PATHS = NO;
				CLANG_ANALYZER_NONNULL = YES;
				CLANG_ANALYZER_NUMBER_OBJECT_CONVERSION = YES_AGGRESSIVE;
				CLANG_CXX_LANGUAGE_STANDARD = "gnu++0x";
				CLANG_CXX_LIBRARY = "libc++";
				CLANG_ENABLE_MODULES = YES;
				CLANG_ENABLE_OBJC_ARC = YES;
				CLANG_WARN_BOOL_CONVERSION = YES;
				CLANG_WARN_CONSTANT_CONVERSION = YES;
				CLANG_WARN_DIRECT_OBJC_ISA_USAGE = YES_ERROR;
				CLANG_WARN_DOCUMENTATION_COMMENTS = YES;
				CLANG_WARN_EMPTY_BODY = YES;
				CLANG_WARN_ENUM_CONVERSION = YES;
				CLANG_WARN_INFINITE_RECURSION = YES;
				CLANG_WARN_INT_CONVERSION = YES;
				CLANG_WARN_OBJC_ROOT_CLASS = YES_ERROR;
				CLANG_WARN_SUSPICIOUS_MOVE = YES;
				CLANG_WARN_UNREACHABLE_CODE = YES;
				CLANG_WARN__DUPLICATE_METHOD_MATCH = YES;
				CODE_SIGN_IDENTITY = "-";
				COPY_PHASE_STRIP = NO;
				DEBUG_INFORMATION_FORMAT = "dwarf-with-dsym";
				ENABLE_NS_ASSERTIONS = NO;
				ENABLE_STRICT_OBJC_MSGSEND = YES;
				GCC_C_LANGUAGE_STANDARD = gnu99;
				GCC_NO_COMMON_BLOCKS = YES;
				GCC_WARN_64_TO_32_BIT_CONVERSION = YES;
				GCC_WARN_ABOUT_RETURN_TYPE = YES_ERROR;
				GCC_WARN_UNDECLARED_SELECTOR = YES;
				GCC_WARN_UNINITIALIZED_AUTOS = YES_AGGRESSIVE;
				GCC_WARN_UNUSED_FUNCTION = YES;
				GCC_WARN_UNUSED_VARIABLE = YES;
				MACOSX_DEPLOYMENT_TARGET = 10.12;
				MTL_ENABLE_DEBUG_INFO = NO;
				SDKROOT = macosx;
				SWIFT_OPTIMIZATION_LEVEL = "-Owholemodule";
			};
			name = Release;
		};
		1596752A1EFD8C7800FAB37C /* Debug */ = {
			isa = XCBuildConfiguration;
			buildSettings = {
				ASSETCATALOG_COMPILER_APPICON_NAME = AppIcon;
				COMBINE_HIDPI_IMAGES = YES;
				DEVELOPMENT_TEAM = 82EDZ6YNSR;
				INFOPLIST_FILE = MouseAway/Info.plist;
				LD_RUNPATH_SEARCH_PATHS = "$(inherited) @executable_path/../Frameworks";
				PRODUCT_BUNDLE_IDENTIFIER = blog.nagesh.MouseAway;
				PRODUCT_NAME = "$(TARGET_NAME)";
				SWIFT_VERSION = 3.0;
			};
			name = Debug;
		};
		1596752B1EFD8C7800FAB37C /* Release */ = {
			isa = XCBuildConfiguration;
			buildSettings = {
				ASSETCATALOG_COMPILER_APPICON_NAME = AppIcon;
				COMBINE_HIDPI_IMAGES = YES;
				DEVELOPMENT_TEAM = 82EDZ6YNSR;
				INFOPLIST_FILE = MouseAway/Info.plist;
				LD_RUNPATH_SEARCH_PATHS = "$(inherited) @executable_path/../Frameworks";
				PRODUCT_BUNDLE_IDENTIFIER = blog.nagesh.MouseAway;
				PRODUCT_NAME = "$(TARGET_NAME)";
				SWIFT_VERSION = 3.0;
			};
			name = Release;
		};
		1596752D1EFD8C7800FAB37C /* Debug */ = {
			isa = XCBuildConfiguration;
			buildSettings = {
				ALWAYS_EMBED_SWIFT_STANDARD_LIBRARIES = YES;
				BUNDLE_LOADER = "$(TEST_HOST)";
				COMBINE_HIDPI_IMAGES = YES;
				DEVELOPMENT_TEAM = 82EDZ6YNSR;
				INFOPLIST_FILE = MouseAwayTests/Info.plist;
				LD_RUNPATH_SEARCH_PATHS = "$(inherited) @executable_path/../Frameworks @loader_path/../Frameworks";
				PRODUCT_BUNDLE_IDENTIFIER = nagesh.blog.MouseAwayTests;
				PRODUCT_NAME = "$(TARGET_NAME)";
				SWIFT_VERSION = 3.0;
				TEST_HOST = "$(BUILT_PRODUCTS_DIR)/MouseAway.app/Contents/MacOS/MouseAway";
			};
			name = Debug;
		};
		1596752E1EFD8C7800FAB37C /* Release */ = {
			isa = XCBuildConfiguration;
			buildSettings = {
				ALWAYS_EMBED_SWIFT_STANDARD_LIBRARIES = YES;
				BUNDLE_LOADER = "$(TEST_HOST)";
				COMBINE_HIDPI_IMAGES = YES;
				DEVELOPMENT_TEAM = 82EDZ6YNSR;
				INFOPLIST_FILE = MouseAwayTests/Info.plist;
				LD_RUNPATH_SEARCH_PATHS = "$(inherited) @executable_path/../Frameworks @loader_path/../Frameworks";
				PRODUCT_BUNDLE_IDENTIFIER = nagesh.blog.MouseAwayTests;
				PRODUCT_NAME = "$(TARGET_NAME)";
				SWIFT_VERSION = 3.0;
				TEST_HOST = "$(BUILT_PRODUCTS_DIR)/MouseAway.app/Contents/MacOS/MouseAway";
			};
			name = Release;
		};
		159675301EFD8C7800FAB37C /* Debug */ = {
			isa = XCBuildConfiguration;
			buildSettings = {
				ALWAYS_EMBED_SWIFT_STANDARD_LIBRARIES = YES;
				COMBINE_HIDPI_IMAGES = YES;
				DEVELOPMENT_TEAM = 82EDZ6YNSR;
				INFOPLIST_FILE = MouseAwayUITests/Info.plist;
				LD_RUNPATH_SEARCH_PATHS = "$(inherited) @executable_path/../Frameworks @loader_path/../Frameworks";
				PRODUCT_BUNDLE_IDENTIFIER = nagesh.blog.MouseAwayUITests;
				PRODUCT_NAME = "$(TARGET_NAME)";
				SWIFT_VERSION = 3.0;
				TEST_TARGET_NAME = MouseAway;
			};
			name = Debug;
		};
		159675311EFD8C7800FAB37C /* Release */ = {
			isa = XCBuildConfiguration;
			buildSettings = {
				ALWAYS_EMBED_SWIFT_STANDARD_LIBRARIES = YES;
				COMBINE_HIDPI_IMAGES = YES;
				DEVELOPMENT_TEAM = 82EDZ6YNSR;
				INFOPLIST_FILE = MouseAwayUITests/Info.plist;
				LD_RUNPATH_SEARCH_PATHS = "$(inherited) @executable_path/../Frameworks @loader_path/../Frameworks";
				PRODUCT_BUNDLE_IDENTIFIER = nagesh.blog.MouseAwayUITests;
				PRODUCT_NAME = "$(TARGET_NAME)";
				SWIFT_VERSION = 3.0;
				TEST_TARGET_NAME = MouseAway;
			};
			name = Release;
		};
/* End XCBuildConfiguration section */

/* Begin XCConfigurationList section */
		159674FF1EFD8C7800FAB37C /* Build configuration list for PBXProject "MouseAway" */ = {
			isa = XCConfigurationList;
			buildConfigurations = (
				159675271EFD8C7800FAB37C /* Debug */,
				159675281EFD8C7800FAB37C /* Release */,
			);
			defaultConfigurationIsVisible = 0;
			defaultConfigurationName = Release;
		};
		159675291EFD8C7800FAB37C /* Build configuration list for PBXNativeTarget "MouseAway" */ = {
			isa = XCConfigurationList;
			buildConfigurations = (
				1596752A1EFD8C7800FAB37C /* Debug */,
				1596752B1EFD8C7800FAB37C /* Release */,
			);
			defaultConfigurationIsVisible = 0;
		};
		1596752C1EFD8C7800FAB37C /* Build configuration list for PBXNativeTarget "MouseAwayTests" */ = {
			isa = XCConfigurationList;
			buildConfigurations = (
				1596752D1EFD8C7800FAB37C /* Debug */,
				1596752E1EFD8C7800FAB37C /* Release */,
			);
			defaultConfigurationIsVisible = 0;
		};
		1596752F1EFD8C7800FAB37C /* Build configuration list for PBXNativeTarget "MouseAwayUITests" */ = {
			isa = XCConfigurationList;
			buildConfigurations = (
				159675301EFD8C7800FAB37C /* Debug */,
				159675311EFD8C7800FAB37C /* Release */,
			);
			defaultConfigurationIsVisible = 0;
		};
/* End XCConfigurationList section */
	};
	rootObject = 159674FC1EFD8C7800FAB37C /* Project object */;
}
